
Microsoft Visual Studio Solution File, Format Version 12.00
# Visual Studio Version 16
VisualStudioVersion = 16.0.810.11
MinimumVisualStudioVersion = 10.0.40219.1
Project("{FAE04EC0-301F-11D3-BF4B-00C04F79EFBC}") = "quickSort", "quickSort\quickSort.csproj", "{9DCF7998-E40B-4B55-A86A-414877162A90}"
EndProject
Global
	GlobalSection(SolutionConfigurationPlatforms) = preSolution
		Debug|Any CPU = Debug|Any CPU
		Release|Any CPU = Release|Any CPU
	EndGlobalSection
	GlobalSection(ProjectConfigurationPlatforms) = postSolution
		{9DCF7998-E40B-4B55-A86A-414877162A90}.Debug|Any CPU.ActiveCfg = Debug|Any CPU
		{9DCF7998-E40B-4B55-A86A-414877162A90}.Debug|Any CPU.Build.0 = Debug|Any CPU
		{9DCF7998-E40B-4B55-A86A-414877162A90}.Release|Any CPU.ActiveCfg = Release|Any CPU
		{9DCF7998-E40B-4B55-A86A-414877162A90}.Release|Any CPU.Build.0 = Release|Any CPU
	EndGlobalSection
	GlobalSection(SolutionProperties) = preSolution
		HideSolutionNode = FALSE
	EndGlobalSection
	GlobalSection(ExtensibilityGlobals) = postSolution
		SolutionGuid = {78992FD7-EA5E-40E8-B1CC-9FA6CFAEE908}
	EndGlobalSection
EndGlobal
