
Microsoft Visual Studio Solution File, Format Version 12.00
# Visual Studio Version 16
VisualStudioVersion = 16.0.810.11
MinimumVisualStudioVersion = 10.0.40219.1
Project("{FAE04EC0-301F-11D3-BF4B-00C04F79EFBC}") = "akademisyen", "akademisyen\akademisyen.csproj", "{BEBED650-3FBB-4F79-9007-675429DBCD7D}"
EndProject
Project("{FAE04EC0-301F-11D3-BF4B-00C04F79EFBC}") = "unittest", "unittest\unittest.csproj", "{B0E95141-618D-4ED5-9A95-ED4CF2A07550}"
EndProject
Global
	GlobalSection(SolutionConfigurationPlatforms) = preSolution
		Debug|Any CPU = Debug|Any CPU
		Release|Any CPU = Release|Any CPU
	EndGlobalSection
	GlobalSection(ProjectConfigurationPlatforms) = postSolution
		{BEBED650-3FBB-4F79-9007-675429DBCD7D}.Debug|Any CPU.ActiveCfg = Debug|Any CPU
		{BEBED650-3FBB-4F79-9007-675429DBCD7D}.Debug|Any CPU.Build.0 = Debug|Any CPU
		{BEBED650-3FBB-4F79-9007-675429DBCD7D}.Release|Any CPU.ActiveCfg = Release|Any CPU
		{BEBED650-3FBB-4F79-9007-675429DBCD7D}.Release|Any CPU.Build.0 = Release|Any CPU
		{B0E95141-618D-4ED5-9A95-ED4CF2A07550}.Debug|Any CPU.ActiveCfg = Debug|Any CPU
		{B0E95141-618D-4ED5-9A95-ED4CF2A07550}.Debug|Any CPU.Build.0 = Debug|Any CPU
		{B0E95141-618D-4ED5-9A95-ED4CF2A07550}.Release|Any CPU.ActiveCfg = Release|Any CPU
		{B0E95141-618D-4ED5-9A95-ED4CF2A07550}.Release|Any CPU.Build.0 = Release|Any CPU
	EndGlobalSection
	GlobalSection(SolutionProperties) = preSolution
		HideSolutionNode = FALSE
	EndGlobalSection
	GlobalSection(ExtensibilityGlobals) = postSolution
		SolutionGuid = {634EA360-D2A4-4363-BA4A-16951BDE5408}
	EndGlobalSection
EndGlobal
