
Microsoft Visual Studio Solution File, Format Version 12.00
# Visual Studio Version 16
VisualStudioVersion = 16.0.810.11
MinimumVisualStudioVersion = 10.0.40219.1
Project("{FAE04EC0-301F-11D3-BF4B-00C04F79EFBC}") = "ConsoleApp9", "ConsoleApp9\ConsoleApp9.csproj", "{2C274DD3-864D-4738-B16C-112E3899AE75}"
EndProject
Project("{FAE04EC0-301F-11D3-BF4B-00C04F79EFBC}") = "UnitTestProject1", "UnitTestProject1\UnitTestProject1.csproj", "{B1A0ED02-5360-41A9-964D-6E333B19640C}"
EndProject
Global
	GlobalSection(SolutionConfigurationPlatforms) = preSolution
		Debug|Any CPU = Debug|Any CPU
		Release|Any CPU = Release|Any CPU
	EndGlobalSection
	GlobalSection(ProjectConfigurationPlatforms) = postSolution
		{2C274DD3-864D-4738-B16C-112E3899AE75}.Debug|Any CPU.ActiveCfg = Debug|Any CPU
		{2C274DD3-864D-4738-B16C-112E3899AE75}.Debug|Any CPU.Build.0 = Debug|Any CPU
		{2C274DD3-864D-4738-B16C-112E3899AE75}.Release|Any CPU.ActiveCfg = Release|Any CPU
		{2C274DD3-864D-4738-B16C-112E3899AE75}.Release|Any CPU.Build.0 = Release|Any CPU
		{B1A0ED02-5360-41A9-964D-6E333B19640C}.Debug|Any CPU.ActiveCfg = Debug|Any CPU
		{B1A0ED02-5360-41A9-964D-6E333B19640C}.Debug|Any CPU.Build.0 = Debug|Any CPU
		{B1A0ED02-5360-41A9-964D-6E333B19640C}.Release|Any CPU.ActiveCfg = Release|Any CPU
		{B1A0ED02-5360-41A9-964D-6E333B19640C}.Release|Any CPU.Build.0 = Release|Any CPU
	EndGlobalSection
	GlobalSection(SolutionProperties) = preSolution
		HideSolutionNode = FALSE
	EndGlobalSection
	GlobalSection(ExtensibilityGlobals) = postSolution
		SolutionGuid = {F2214418-61F4-4406-B901-5600CC282E8E}
	EndGlobalSection
EndGlobal
